
Microsoft Visual Studio Solution File, Format Version 12.00
# Visual Studio 15
VisualStudioVersion = 15.0.28010.2048
MinimumVisualStudioVersion = 10.0.40219.1
Project("{8BC9CEB8-8B4A-11D0-8D11-00A0C91BC942}") = "Practice", "Practice\Practice.vcxproj", "{5A0A6193-65D2-4DEC-A0EF-E362F015D1BD}"
EndProject
Project("{8BC9CEB8-8B4A-11D0-8D11-00A0C91BC942}") = "Declare", "Declare\Declare.vcxproj", "{718E1A9A-C1EB-497F-B717-E7B759B3B9CD}"
EndProject
Project("{8BC9CEB8-8B4A-11D0-8D11-00A0C91BC942}") = "Namespace", "Namespace\Namespace.vcxproj", "{FC84697D-5036-40F7-8256-49C5E239B11A}"
EndProject
Project("{8BC9CEB8-8B4A-11D0-8D11-00A0C91BC942}") = "Struct", "Struct\Struct.vcxproj", "{84C2844E-88DD-4465-9DDC-AFF98F568F65}"
EndProject
Project("{8BC9CEB8-8B4A-11D0-8D11-00A0C91BC942}") = "Class", "Class\Class.vcxproj", "{FB8123B5-2434-417B-BFC9-A740C619CC9B}"
EndProject
Project("{8BC9CEB8-8B4A-11D0-8D11-00A0C91BC942}") = "Const", "Const\Const.vcxproj", "{BD0D76C7-47C2-43CC-BC56-885DC8D5EB0E}"
EndProject
Project("{8BC9CEB8-8B4A-11D0-8D11-00A0C91BC942}") = "Constructor", "Constructor\Constructor.vcxproj", "{93DB1170-BCB5-4CA8-8F35-DE80CC8A3B4F}"
EndProject
Project("{8BC9CEB8-8B4A-11D0-8D11-00A0C91BC942}") = "Constructor2", "Constructor2\Constructor2.vcxproj", "{A4743A9A-8B4B-46F6-A5A7-FF07033D1E47}"
EndProject
Project("{8BC9CEB8-8B4A-11D0-8D11-00A0C91BC942}") = "Destructor", "Destructor\Destructor.vcxproj", "{0CCCB95D-0AF0-466D-8620-063E0E847878}"
EndProject
Project("{8BC9CEB8-8B4A-11D0-8D11-00A0C91BC942}") = "Pointer", "Pointer\Pointer.vcxproj", "{6BBAD12B-11A0-441B-9FAE-C368676F3DB7}"
EndProject
Project("{8BC9CEB8-8B4A-11D0-8D11-00A0C91BC942}") = "pointArray", "pointArray\pointArray.vcxproj", "{48543329-032E-466A-8BE0-EBB7D9416DCB}"
EndProject
Project("{8BC9CEB8-8B4A-11D0-8D11-00A0C91BC942}") = "pointerC", "pointerC\pointerC.vcxproj", "{3EE27716-5005-4AF0-B51D-029FE0485A42}"
EndProject
Project("{8BC9CEB8-8B4A-11D0-8D11-00A0C91BC942}") = "c", "c\c.vcxproj", "{7509362C-1C42-4B94-A0F1-DE2CE40C8FF6}"
EndProject
Project("{8BC9CEB8-8B4A-11D0-8D11-00A0C91BC942}") = "extern", "extern\extern.vcxproj", "{3FF34544-150B-4172-8F70-7D30FBAF95C4}"
EndProject
Project("{8BC9CEB8-8B4A-11D0-8D11-00A0C91BC942}") = "return", "return\return.vcxproj", "{B7C0116F-8D47-4595-9CA5-39D35FEF383C}"
EndProject
Project("{8BC9CEB8-8B4A-11D0-8D11-00A0C91BC942}") = "copyConstructor", "copyConstructor\copyConstructor.vcxproj", "{E11CF864-643C-46A0-81F5-F5404B5B4C27}"
EndProject
Project("{8BC9CEB8-8B4A-11D0-8D11-00A0C91BC942}") = "upcasting", "upcasting\upcasting.vcxproj", "{470739F3-CF0E-4530-8554-8870BF273143}"
EndProject
Project("{8BC9CEB8-8B4A-11D0-8D11-00A0C91BC942}") = "upcasting2", "upcasting2\upcasting2.vcxproj", "{79C068EC-2252-40EF-97B2-A327E44CAC8D}"
EndProject
Project("{8BC9CEB8-8B4A-11D0-8D11-00A0C91BC942}") = "virtual", "virtual\virtual.vcxproj", "{D363BA03-C652-45CA-8927-BFBDF1CF2F13}"
EndProject
Global
	GlobalSection(SolutionConfigurationPlatforms) = preSolution
		Debug|x64 = Debug|x64
		Debug|x86 = Debug|x86
		Release|x64 = Release|x64
		Release|x86 = Release|x86
	EndGlobalSection
	GlobalSection(ProjectConfigurationPlatforms) = postSolution
		{5A0A6193-65D2-4DEC-A0EF-E362F015D1BD}.Debug|x64.ActiveCfg = Debug|x64
		{5A0A6193-65D2-4DEC-A0EF-E362F015D1BD}.Debug|x64.Build.0 = Debug|x64
		{5A0A6193-65D2-4DEC-A0EF-E362F015D1BD}.Debug|x86.ActiveCfg = Debug|Win32
		{5A0A6193-65D2-4DEC-A0EF-E362F015D1BD}.Debug|x86.Build.0 = Debug|Win32
		{5A0A6193-65D2-4DEC-A0EF-E362F015D1BD}.Release|x64.ActiveCfg = Release|x64
		{5A0A6193-65D2-4DEC-A0EF-E362F015D1BD}.Release|x64.Build.0 = Release|x64
		{5A0A6193-65D2-4DEC-A0EF-E362F015D1BD}.Release|x86.ActiveCfg = Release|Win32
		{5A0A6193-65D2-4DEC-A0EF-E362F015D1BD}.Release|x86.Build.0 = Release|Win32
		{718E1A9A-C1EB-497F-B717-E7B759B3B9CD}.Debug|x64.ActiveCfg = Debug|x64
		{718E1A9A-C1EB-497F-B717-E7B759B3B9CD}.Debug|x64.Build.0 = Debug|x64
		{718E1A9A-C1EB-497F-B717-E7B759B3B9CD}.Debug|x86.ActiveCfg = Debug|Win32
		{718E1A9A-C1EB-497F-B717-E7B759B3B9CD}.Debug|x86.Build.0 = Debug|Win32
		{718E1A9A-C1EB-497F-B717-E7B759B3B9CD}.Release|x64.ActiveCfg = Release|x64
		{718E1A9A-C1EB-497F-B717-E7B759B3B9CD}.Release|x64.Build.0 = Release|x64
		{718E1A9A-C1EB-497F-B717-E7B759B3B9CD}.Release|x86.ActiveCfg = Release|Win32
		{718E1A9A-C1EB-497F-B717-E7B759B3B9CD}.Release|x86.Build.0 = Release|Win32
		{FC84697D-5036-40F7-8256-49C5E239B11A}.Debug|x64.ActiveCfg = Debug|x64
		{FC84697D-5036-40F7-8256-49C5E239B11A}.Debug|x64.Build.0 = Debug|x64
		{FC84697D-5036-40F7-8256-49C5E239B11A}.Debug|x86.ActiveCfg = Debug|Win32
		{FC84697D-5036-40F7-8256-49C5E239B11A}.Debug|x86.Build.0 = Debug|Win32
		{FC84697D-5036-40F7-8256-49C5E239B11A}.Release|x64.ActiveCfg = Release|x64
		{FC84697D-5036-40F7-8256-49C5E239B11A}.Release|x64.Build.0 = Release|x64
		{FC84697D-5036-40F7-8256-49C5E239B11A}.Release|x86.ActiveCfg = Release|Win32
		{FC84697D-5036-40F7-8256-49C5E239B11A}.Release|x86.Build.0 = Release|Win32
		{84C2844E-88DD-4465-9DDC-AFF98F568F65}.Debug|x64.ActiveCfg = Debug|x64
		{84C2844E-88DD-4465-9DDC-AFF98F568F65}.Debug|x64.Build.0 = Debug|x64
		{84C2844E-88DD-4465-9DDC-AFF98F568F65}.Debug|x86.ActiveCfg = Debug|Win32
		{84C2844E-88DD-4465-9DDC-AFF98F568F65}.Debug|x86.Build.0 = Debug|Win32
		{84C2844E-88DD-4465-9DDC-AFF98F568F65}.Release|x64.ActiveCfg = Release|x64
		{84C2844E-88DD-4465-9DDC-AFF98F568F65}.Release|x64.Build.0 = Release|x64
		{84C2844E-88DD-4465-9DDC-AFF98F568F65}.Release|x86.ActiveCfg = Release|Win32
		{84C2844E-88DD-4465-9DDC-AFF98F568F65}.Release|x86.Build.0 = Release|Win32
		{FB8123B5-2434-417B-BFC9-A740C619CC9B}.Debug|x64.ActiveCfg = Debug|x64
		{FB8123B5-2434-417B-BFC9-A740C619CC9B}.Debug|x64.Build.0 = Debug|x64
		{FB8123B5-2434-417B-BFC9-A740C619CC9B}.Debug|x86.ActiveCfg = Debug|Win32
		{FB8123B5-2434-417B-BFC9-A740C619CC9B}.Debug|x86.Build.0 = Debug|Win32
		{FB8123B5-2434-417B-BFC9-A740C619CC9B}.Release|x64.ActiveCfg = Release|x64
		{FB8123B5-2434-417B-BFC9-A740C619CC9B}.Release|x64.Build.0 = Release|x64
		{FB8123B5-2434-417B-BFC9-A740C619CC9B}.Release|x86.ActiveCfg = Release|Win32
		{FB8123B5-2434-417B-BFC9-A740C619CC9B}.Release|x86.Build.0 = Release|Win32
		{BD0D76C7-47C2-43CC-BC56-885DC8D5EB0E}.Debug|x64.ActiveCfg = Debug|x64
		{BD0D76C7-47C2-43CC-BC56-885DC8D5EB0E}.Debug|x64.Build.0 = Debug|x64
		{BD0D76C7-47C2-43CC-BC56-885DC8D5EB0E}.Debug|x86.ActiveCfg = Debug|Win32
		{BD0D76C7-47C2-43CC-BC56-885DC8D5EB0E}.Debug|x86.Build.0 = Debug|Win32
		{BD0D76C7-47C2-43CC-BC56-885DC8D5EB0E}.Release|x64.ActiveCfg = Release|x64
		{BD0D76C7-47C2-43CC-BC56-885DC8D5EB0E}.Release|x64.Build.0 = Release|x64
		{BD0D76C7-47C2-43CC-BC56-885DC8D5EB0E}.Release|x86.ActiveCfg = Release|Win32
		{BD0D76C7-47C2-43CC-BC56-885DC8D5EB0E}.Release|x86.Build.0 = Release|Win32
		{93DB1170-BCB5-4CA8-8F35-DE80CC8A3B4F}.Debug|x64.ActiveCfg = Debug|x64
		{93DB1170-BCB5-4CA8-8F35-DE80CC8A3B4F}.Debug|x64.Build.0 = Debug|x64
		{93DB1170-BCB5-4CA8-8F35-DE80CC8A3B4F}.Debug|x86.ActiveCfg = Debug|Win32
		{93DB1170-BCB5-4CA8-8F35-DE80CC8A3B4F}.Debug|x86.Build.0 = Debug|Win32
		{93DB1170-BCB5-4CA8-8F35-DE80CC8A3B4F}.Release|x64.ActiveCfg = Release|x64
		{93DB1170-BCB5-4CA8-8F35-DE80CC8A3B4F}.Release|x64.Build.0 = Release|x64
		{93DB1170-BCB5-4CA8-8F35-DE80CC8A3B4F}.Release|x86.ActiveCfg = Release|Win32
		{93DB1170-BCB5-4CA8-8F35-DE80CC8A3B4F}.Release|x86.Build.0 = Release|Win32
		{A4743A9A-8B4B-46F6-A5A7-FF07033D1E47}.Debug|x64.ActiveCfg = Debug|x64
		{A4743A9A-8B4B-46F6-A5A7-FF07033D1E47}.Debug|x64.Build.0 = Debug|x64
		{A4743A9A-8B4B-46F6-A5A7-FF07033D1E47}.Debug|x86.ActiveCfg = Debug|Win32
		{A4743A9A-8B4B-46F6-A5A7-FF07033D1E47}.Debug|x86.Build.0 = Debug|Win32
		{A4743A9A-8B4B-46F6-A5A7-FF07033D1E47}.Release|x64.ActiveCfg = Release|x64
		{A4743A9A-8B4B-46F6-A5A7-FF07033D1E47}.Release|x64.Build.0 = Release|x64
		{A4743A9A-8B4B-46F6-A5A7-FF07033D1E47}.Release|x86.ActiveCfg = Release|Win32
		{A4743A9A-8B4B-46F6-A5A7-FF07033D1E47}.Release|x86.Build.0 = Release|Win32
		{0CCCB95D-0AF0-466D-8620-063E0E847878}.Debug|x64.ActiveCfg = Debug|x64
		{0CCCB95D-0AF0-466D-8620-063E0E847878}.Debug|x64.Build.0 = Debug|x64
		{0CCCB95D-0AF0-466D-8620-063E0E847878}.Debug|x86.ActiveCfg = Debug|Win32
		{0CCCB95D-0AF0-466D-8620-063E0E847878}.Debug|x86.Build.0 = Debug|Win32
		{0CCCB95D-0AF0-466D-8620-063E0E847878}.Release|x64.ActiveCfg = Release|x64
		{0CCCB95D-0AF0-466D-8620-063E0E847878}.Release|x64.Build.0 = Release|x64
		{0CCCB95D-0AF0-466D-8620-063E0E847878}.Release|x86.ActiveCfg = Release|Win32
		{0CCCB95D-0AF0-466D-8620-063E0E847878}.Release|x86.Build.0 = Release|Win32
		{6BBAD12B-11A0-441B-9FAE-C368676F3DB7}.Debug|x64.ActiveCfg = Debug|x64
		{6BBAD12B-11A0-441B-9FAE-C368676F3DB7}.Debug|x64.Build.0 = Debug|x64
		{6BBAD12B-11A0-441B-9FAE-C368676F3DB7}.Debug|x86.ActiveCfg = Debug|Win32
		{6BBAD12B-11A0-441B-9FAE-C368676F3DB7}.Debug|x86.Build.0 = Debug|Win32
		{6BBAD12B-11A0-441B-9FAE-C368676F3DB7}.Release|x64.ActiveCfg = Release|x64
		{6BBAD12B-11A0-441B-9FAE-C368676F3DB7}.Release|x64.Build.0 = Release|x64
		{6BBAD12B-11A0-441B-9FAE-C368676F3DB7}.Release|x86.ActiveCfg = Release|Win32
		{6BBAD12B-11A0-441B-9FAE-C368676F3DB7}.Release|x86.Build.0 = Release|Win32
		{48543329-032E-466A-8BE0-EBB7D9416DCB}.Debug|x64.ActiveCfg = Debug|x64
		{48543329-032E-466A-8BE0-EBB7D9416DCB}.Debug|x64.Build.0 = Debug|x64
		{48543329-032E-466A-8BE0-EBB7D9416DCB}.Debug|x86.ActiveCfg = Debug|Win32
		{48543329-032E-466A-8BE0-EBB7D9416DCB}.Debug|x86.Build.0 = Debug|Win32
		{48543329-032E-466A-8BE0-EBB7D9416DCB}.Release|x64.ActiveCfg = Release|x64
		{48543329-032E-466A-8BE0-EBB7D9416DCB}.Release|x64.Build.0 = Release|x64
		{48543329-032E-466A-8BE0-EBB7D9416DCB}.Release|x86.ActiveCfg = Release|Win32
		{48543329-032E-466A-8BE0-EBB7D9416DCB}.Release|x86.Build.0 = Release|Win32
		{3EE27716-5005-4AF0-B51D-029FE0485A42}.Debug|x64.ActiveCfg = Debug|x64
		{3EE27716-5005-4AF0-B51D-029FE0485A42}.Debug|x64.Build.0 = Debug|x64
		{3EE27716-5005-4AF0-B51D-029FE0485A42}.Debug|x86.ActiveCfg = Debug|Win32
		{3EE27716-5005-4AF0-B51D-029FE0485A42}.Debug|x86.Build.0 = Debug|Win32
		{3EE27716-5005-4AF0-B51D-029FE0485A42}.Release|x64.ActiveCfg = Release|x64
		{3EE27716-5005-4AF0-B51D-029FE0485A42}.Release|x64.Build.0 = Release|x64
		{3EE27716-5005-4AF0-B51D-029FE0485A42}.Release|x86.ActiveCfg = Release|Win32
		{3EE27716-5005-4AF0-B51D-029FE0485A42}.Release|x86.Build.0 = Release|Win32
		{7509362C-1C42-4B94-A0F1-DE2CE40C8FF6}.Debug|x64.ActiveCfg = Debug|x64
		{7509362C-1C42-4B94-A0F1-DE2CE40C8FF6}.Debug|x64.Build.0 = Debug|x64
		{7509362C-1C42-4B94-A0F1-DE2CE40C8FF6}.Debug|x86.ActiveCfg = Debug|Win32
		{7509362C-1C42-4B94-A0F1-DE2CE40C8FF6}.Debug|x86.Build.0 = Debug|Win32
		{7509362C-1C42-4B94-A0F1-DE2CE40C8FF6}.Release|x64.ActiveCfg = Release|x64
		{7509362C-1C42-4B94-A0F1-DE2CE40C8FF6}.Release|x64.Build.0 = Release|x64
		{7509362C-1C42-4B94-A0F1-DE2CE40C8FF6}.Release|x86.ActiveCfg = Release|Win32
		{7509362C-1C42-4B94-A0F1-DE2CE40C8FF6}.Release|x86.Build.0 = Release|Win32
		{3FF34544-150B-4172-8F70-7D30FBAF95C4}.Debug|x64.ActiveCfg = Debug|x64
		{3FF34544-150B-4172-8F70-7D30FBAF95C4}.Debug|x64.Build.0 = Debug|x64
		{3FF34544-150B-4172-8F70-7D30FBAF95C4}.Debug|x86.ActiveCfg = Debug|Win32
		{3FF34544-150B-4172-8F70-7D30FBAF95C4}.Debug|x86.Build.0 = Debug|Win32
		{3FF34544-150B-4172-8F70-7D30FBAF95C4}.Release|x64.ActiveCfg = Release|x64
		{3FF34544-150B-4172-8F70-7D30FBAF95C4}.Release|x64.Build.0 = Release|x64
		{3FF34544-150B-4172-8F70-7D30FBAF95C4}.Release|x86.ActiveCfg = Release|Win32
		{3FF34544-150B-4172-8F70-7D30FBAF95C4}.Release|x86.Build.0 = Release|Win32
		{B7C0116F-8D47-4595-9CA5-39D35FEF383C}.Debug|x64.ActiveCfg = Debug|x64
		{B7C0116F-8D47-4595-9CA5-39D35FEF383C}.Debug|x64.Build.0 = Debug|x64
		{B7C0116F-8D47-4595-9CA5-39D35FEF383C}.Debug|x86.ActiveCfg = Debug|Win32
		{B7C0116F-8D47-4595-9CA5-39D35FEF383C}.Debug|x86.Build.0 = Debug|Win32
		{B7C0116F-8D47-4595-9CA5-39D35FEF383C}.Release|x64.ActiveCfg = Release|x64
		{B7C0116F-8D47-4595-9CA5-39D35FEF383C}.Release|x64.Build.0 = Release|x64
		{B7C0116F-8D47-4595-9CA5-39D35FEF383C}.Release|x86.ActiveCfg = Release|Win32
		{B7C0116F-8D47-4595-9CA5-39D35FEF383C}.Release|x86.Build.0 = Release|Win32
		{E11CF864-643C-46A0-81F5-F5404B5B4C27}.Debug|x64.ActiveCfg = Debug|x64
		{E11CF864-643C-46A0-81F5-F5404B5B4C27}.Debug|x64.Build.0 = Debug|x64
		{E11CF864-643C-46A0-81F5-F5404B5B4C27}.Debug|x86.ActiveCfg = Debug|Win32
		{E11CF864-643C-46A0-81F5-F5404B5B4C27}.Debug|x86.Build.0 = Debug|Win32
		{E11CF864-643C-46A0-81F5-F5404B5B4C27}.Release|x64.ActiveCfg = Release|x64
		{E11CF864-643C-46A0-81F5-F5404B5B4C27}.Release|x64.Build.0 = Release|x64
		{E11CF864-643C-46A0-81F5-F5404B5B4C27}.Release|x86.ActiveCfg = Release|Win32
		{E11CF864-643C-46A0-81F5-F5404B5B4C27}.Release|x86.Build.0 = Release|Win32
		{470739F3-CF0E-4530-8554-8870BF273143}.Debug|x64.ActiveCfg = Debug|x64
		{470739F3-CF0E-4530-8554-8870BF273143}.Debug|x64.Build.0 = Debug|x64
		{470739F3-CF0E-4530-8554-8870BF273143}.Debug|x86.ActiveCfg = Debug|Win32
		{470739F3-CF0E-4530-8554-8870BF273143}.Debug|x86.Build.0 = Debug|Win32
		{470739F3-CF0E-4530-8554-8870BF273143}.Release|x64.ActiveCfg = Release|x64
		{470739F3-CF0E-4530-8554-8870BF273143}.Release|x64.Build.0 = Release|x64
		{470739F3-CF0E-4530-8554-8870BF273143}.Release|x86.ActiveCfg = Release|Win32
		{470739F3-CF0E-4530-8554-8870BF273143}.Release|x86.Build.0 = Release|Win32
		{79C068EC-2252-40EF-97B2-A327E44CAC8D}.Debug|x64.ActiveCfg = Debug|x64
		{79C068EC-2252-40EF-97B2-A327E44CAC8D}.Debug|x64.Build.0 = Debug|x64
		{79C068EC-2252-40EF-97B2-A327E44CAC8D}.Debug|x86.ActiveCfg = Debug|Win32
		{79C068EC-2252-40EF-97B2-A327E44CAC8D}.Debug|x86.Build.0 = Debug|Win32
		{79C068EC-2252-40EF-97B2-A327E44CAC8D}.Release|x64.ActiveCfg = Release|x64
		{79C068EC-2252-40EF-97B2-A327E44CAC8D}.Release|x64.Build.0 = Release|x64
		{79C068EC-2252-40EF-97B2-A327E44CAC8D}.Release|x86.ActiveCfg = Release|Win32
		{79C068EC-2252-40EF-97B2-A327E44CAC8D}.Release|x86.Build.0 = Release|Win32
		{D363BA03-C652-45CA-8927-BFBDF1CF2F13}.Debug|x64.ActiveCfg = Debug|x64
		{D363BA03-C652-45CA-8927-BFBDF1CF2F13}.Debug|x64.Build.0 = Debug|x64
		{D363BA03-C652-45CA-8927-BFBDF1CF2F13}.Debug|x86.ActiveCfg = Debug|Win32
		{D363BA03-C652-45CA-8927-BFBDF1CF2F13}.Debug|x86.Build.0 = Debug|Win32
		{D363BA03-C652-45CA-8927-BFBDF1CF2F13}.Release|x64.ActiveCfg = Release|x64
		{D363BA03-C652-45CA-8927-BFBDF1CF2F13}.Release|x64.Build.0 = Release|x64
		{D363BA03-C652-45CA-8927-BFBDF1CF2F13}.Release|x86.ActiveCfg = Release|Win32
		{D363BA03-C652-45CA-8927-BFBDF1CF2F13}.Release|x86.Build.0 = Release|Win32
	EndGlobalSection
	GlobalSection(SolutionProperties) = preSolution
		HideSolutionNode = FALSE
	EndGlobalSection
	GlobalSection(ExtensibilityGlobals) = postSolution
		SolutionGuid = {75056294-654B-461A-8791-0243B8016702}
	EndGlobalSection
EndGlobal
